<?xml version="1.0" encoding="utf-8"?>
<Project ToolsVersion="4.0" xmlns="http://schemas.microsoft.com/developer/msbuild/2003">
  <ItemGroup>
    <Filter Include="win32">
      <UniqueIdentifier>{84a8ebd7-7cf0-47f6-b75e-d441df67da40}</UniqueIdentifier>
    </Filter>
    <Filter Include="resource">
      <UniqueIdentifier>{715254bc-d70b-4ec5-bf29-467dd3ace079}</UniqueIdentifier>
    </Filter>
    <Filter Include="src">
      <UniqueIdentifier>{bb6c862e-70e9-49d9-81b7-3829a6f50471}</UniqueIdentifier>
    </Filter>
    <Filter Include="src\Scene">
      <UniqueIdentifier>{f671a524-7bee-485f-85c7-6f46da320bec}</UniqueIdentifier>
    </Filter>
    <Filter Include="src\Layer">
      <UniqueIdentifier>{6a63d147-605a-4762-be27-a3dec2d00527}</UniqueIdentifier>
    </Filter>
    <Filter Include="src\Sprite">
      <UniqueIdentifier>{225a98d4-abd3-46a0-ab87-9f5ac2613cfe}</UniqueIdentifier>
    </Filter>
    <Filter Include="src\Anim">
      <UniqueIdentifier>{18500f9d-936b-4301-b2f7-226e5893a1c3}</UniqueIdentifier>
    </Filter>
    <Filter Include="src\Particle">
      <UniqueIdentifier>{45088407-635b-40ae-9165-a25fd618e34d}</UniqueIdentifier>
    </Filter>
  </ItemGroup>
  <ItemGroup>
    <ClCompile Include="main.cpp">
      <Filter>win32</Filter>
    </ClCompile>
    <ClCompile Include="..\Classes\AppDelegate.cpp">
      <Filter>src</Filter>
    </ClCompile>
    <ClCompile Include="..\Classes\HelloWorldScene.cpp">
      <Filter>src\Scene</Filter>
    </ClCompile>
    <ClCompile Include="..\Classes\RobotAnim.cpp">
      <Filter>src\Anim</Filter>
    </ClCompile>
    <ClCompile Include="..\Classes\BackgroundLayer.cpp">
      <Filter>src\Layer</Filter>
    </ClCompile>
    <ClCompile Include="..\Classes\BackgroundSprite.cpp">
      <Filter>src\Sprite</Filter>
    </ClCompile>
    <ClCompile Include="..\Classes\PlayerLayer.cpp">
      <Filter>src\Layer</Filter>
    </ClCompile>
    <ClCompile Include="..\Classes\BulletSprite.cpp">
      <Filter>src\Sprite</Filter>
    </ClCompile>
    <ClCompile Include="..\Classes\EnemyLayer.cpp">
      <Filter>src\Layer</Filter>
    </ClCompile>
    <ClCompile Include="..\Classes\AirPlaneScene.cpp">
      <Filter>src\Scene</Filter>
    </ClCompile>
    <ClCompile Include="..\Classes\PlaneSprite.cpp">
      <Filter>src\Sprite</Filter>
    </ClCompile>
    <ClCompile Include="..\Classes\PhysicsLayer.cpp">
      <Filter>src\Layer</Filter>
    </ClCompile>
    <ClCompile Include="..\Classes\EnemySprite.cpp">
      <Filter>src\Sprite</Filter>
    </ClCompile>
    <ClCompile Include="..\Classes\SpriteWithPhysicsAndAnimation.cpp">
      <Filter>src\Sprite</Filter>
    </ClCompile>
    <ClCompile Include="..\Classes\EnemyPlaneSprite.cpp">
      <Filter>src\Sprite</Filter>
    </ClCompile>
    <ClCompile Include="..\Classes\UILayer.cpp">
      <Filter>src\Layer</Filter>
    </ClCompile>
    <ClCompile Include="..\Classes\ToolSprite.cpp">
      <Filter>src\Sprite</Filter>
    </ClCompile>
    <ClCompile Include="..\Classes\ToolLayer.cpp">
      <Filter>src\Layer</Filter>
    </ClCompile>
    <ClCompile Include="..\Classes\PauseScene.cpp">
      <Filter>src\Scene</Filter>
    </ClCompile>
    <ClCompile Include="..\Classes\GameOverScene.cpp">
      <Filter>src\Scene</Filter>
    </ClCompile>
    <ClCompile Include="..\Classes\LoadingScene.cpp">
      <Filter>src\Scene</Filter>
    </ClCompile>
    <ClCompile Include="..\Classes\CastScene.cpp">
      <Filter>src\Scene</Filter>
    </ClCompile>
    <ClCompile Include="..\Classes\Bomb.cpp">
      <Filter>src\Particle</Filter>
    </ClCompile>
    <ClCompile Include="..\Classes\BallSprite.cpp">
      <Filter>src\Sprite</Filter>
    </ClCompile>
    <ClCompile Include="..\Classes\NetworkLayer.cpp">
      <Filter>src\Layer</Filter>
    </ClCompile>
    <ClCompile Include="..\Classes\BallPlayerLayer.cpp">
      <Filter>src\Layer</Filter>
    </ClCompile>
    <ClCompile Include="..\Classes\OtherBallLayer.cpp">
      <Filter>src\Layer</Filter>
    </ClCompile>
    <ClCompile Include="..\Classes\Welcome_Scene.cpp">
      <Filter>src\Scene</Filter>
    </ClCompile>
    <ClCompile Include="..\Classes\HighScore_Item.cpp">
      <Filter>src\Scene</Filter>
    </ClCompile>
    <ClCompile Include="..\Classes\HighScore_Scene.cpp">
      <Filter>src\Scene</Filter>
    </ClCompile>
    <ClCompile Include="..\Classes\Switch_Scene.cpp">
      <Filter>src\Scene</Filter>
    </ClCompile>
    <ClCompile Include="..\Classes\Begining_items.cpp">
      <Filter>src\Sprite</Filter>
    </ClCompile>
    <ClCompile Include="..\Classes\Switch_item.cpp">
      <Filter>src\Layer</Filter>
    </ClCompile>
    <ClCompile Include="..\Classes\Background_end.cpp">
      <Filter>src\Layer</Filter>
    </ClCompile>
    <ClCompile Include="..\Classes\Background.cpp">
      <Filter>src\Layer</Filter>
    </ClCompile>
    <ClCompile Include="..\Classes\Closing_item.cpp">
      <Filter>src\Layer</Filter>
    </ClCompile>
    <ClCompile Include="..\Classes\Begining_item.cpp">
      <Filter>src\Layer</Filter>
    </ClCompile>
    <ClCompile Include="..\Classes\SingleCastScene.cpp">
      <Filter>src\Scene</Filter>
    </ClCompile>
  </ItemGroup>
  <ItemGroup>
    <ClInclude Include="main.h">
      <Filter>win32</Filter>
    </ClInclude>
    <ClInclude Include="..\Classes\AppDelegate.h">
      <Filter>src</Filter>
    </ClInclude>
    <ClInclude Include="..\Classes\HelloWorldScene.h">
      <Filter>src\Scene</Filter>
    </ClInclude>
    <ClInclude Include="..\Classes\onwind.h">
      <Filter>src</Filter>
    </ClInclude>
    <ClInclude Include="..\Classes\RobotAnim.h">
      <Filter>src\Anim</Filter>
    </ClInclude>
    <ClInclude Include="..\Classes\BackgroundLayer.h">
      <Filter>src\Layer</Filter>
    </ClInclude>
    <ClInclude Include="..\Classes\BackgroundSprite.h">
      <Filter>src\Sprite</Filter>
    </ClInclude>
    <ClInclude Include="..\Classes\SpriteCache.h">
      <Filter>src\Anim</Filter>
    </ClInclude>
    <ClInclude Include="..\Classes\PlayerLayer.h">
      <Filter>src\Layer</Filter>
    </ClInclude>
    <ClInclude Include="..\Classes\BulletSprite.h">
      <Filter>src\Sprite</Filter>
    </ClInclude>
    <ClInclude Include="..\Classes\EnemyLayer.h">
      <Filter>src\Layer</Filter>
    </ClInclude>
    <ClInclude Include="..\Classes\AirPlaneScene.h">
      <Filter>src\Scene</Filter>
    </ClInclude>
    <ClInclude Include="..\Classes\PlaneSprite.h">
      <Filter>src\Sprite</Filter>
    </ClInclude>
    <ClInclude Include="..\Classes\PhysicsLayer.h">
      <Filter>src\Layer</Filter>
    </ClInclude>
    <ClInclude Include="..\Classes\EnemySprite.h">
      <Filter>src\Sprite</Filter>
    </ClInclude>
    <ClInclude Include="..\Classes\SpriteWithPhysicsAndAnimation.h">
      <Filter>src\Sprite</Filter>
    </ClInclude>
    <ClInclude Include="..\Classes\EnemyPlaneSprite.h">
      <Filter>src\Sprite</Filter>
    </ClInclude>
    <ClInclude Include="..\Classes\UILayer.h">
      <Filter>src\Layer</Filter>
    </ClInclude>
    <ClInclude Include="..\Classes\ToolSprite.h">
      <Filter>src\Sprite</Filter>
    </ClInclude>
    <ClInclude Include="..\Classes\ToolLayer.h">
      <Filter>src\Layer</Filter>
    </ClInclude>
    <ClInclude Include="..\Classes\PauseScene.h">
      <Filter>src\Scene</Filter>
    </ClInclude>
    <ClInclude Include="..\Classes\GameOverScene.h">
      <Filter>src\Scene</Filter>
    </ClInclude>
    <ClInclude Include="..\Classes\LoadingScene.h">
      <Filter>src\Scene</Filter>
    </ClInclude>
    <ClInclude Include="..\Classes\CastScene.h">
      <Filter>src\Scene</Filter>
    </ClInclude>
    <ClInclude Include="..\Classes\Bomb.h">
      <Filter>src\Particle</Filter>
    </ClInclude>
    <ClInclude Include="..\Classes\BallSprite.h">
      <Filter>src\Sprite</Filter>
    </ClInclude>
    <ClInclude Include="..\Classes\NetworkLayer.h">
      <Filter>src\Layer</Filter>
    </ClInclude>
    <ClInclude Include="..\Classes\BallPlayerLayer.h">
      <Filter>src\Layer</Filter>
    </ClInclude>
    <ClInclude Include="..\Classes\OtherBallLayer.h">
      <Filter>src\Layer</Filter>
    </ClInclude>
    <ClInclude Include="..\Classes\HighScore_Scene.h">
      <Filter>src\Scene</Filter>
    </ClInclude>
    <ClInclude Include="..\Classes\Switch_Scene.h">
      <Filter>src\Scene</Filter>
    </ClInclude>
    <ClInclude Include="..\Classes\Welcome_Scene.h">
      <Filter>src\Scene</Filter>
    </ClInclude>
    <ClInclude Include="..\Classes\HighScore_Item.h">
      <Filter>src\Layer</Filter>
    </ClInclude>
    <ClInclude Include="..\Classes\Switch_item.h">
      <Filter>src\Layer</Filter>
    </ClInclude>
    <ClInclude Include="..\Classes\Background_end.h">
      <Filter>src\Layer</Filter>
    </ClInclude>
    <ClInclude Include="..\Classes\Background.h">
      <Filter>src\Layer</Filter>
    </ClInclude>
    <ClInclude Include="..\Classes\Closing_item.h">
      <Filter>src\Layer</Filter>
    </ClInclude>
    <ClInclude Include="..\Classes\Begining_item.h">
      <Filter>src\Layer</Filter>
    </ClInclude>
    <ClInclude Include="..\Classes\SingleCastScene.h">
      <Filter>src\Scene</Filter>
    </ClInclude>
  </ItemGroup>
  <ItemGroup>
    <ResourceCompile Include="game.rc">
      <Filter>resource</Filter>
    </ResourceCompile>
  </ItemGroup>
</Project>